
Microsoft Visual Studio Solution File, Format Version 12.00
# Visual Studio Version 17
VisualStudioVersion = 17.10.35027.167
MinimumVisualStudioVersion = 10.0.40219.1
Project("{FAE04EC0-301F-11D3-BF4B-00C04F79EFBC}") = "ChatGram", "ChatGram\ChatGram.csproj", "{A6404336-B5A0-4A34-8E6F-DDF91B52EB55}"
EndProject
Global
	GlobalSection(SolutionConfigurationPlatforms) = preSolution
		Debug|Any CPU = Debug|Any CPU
		Release|Any CPU = Release|Any CPU
	EndGlobalSection
	GlobalSection(ProjectConfigurationPlatforms) = postSolution
		{A6404336-B5A0-4A34-8E6F-DDF91B52EB55}.Debug|Any CPU.ActiveCfg = Debug|Any CPU
		{A6404336-B5A0-4A34-8E6F-DDF91B52EB55}.Debug|Any CPU.Build.0 = Debug|Any CPU
		{A6404336-B5A0-4A34-8E6F-DDF91B52EB55}.Release|Any CPU.ActiveCfg = Release|Any CPU
		{A6404336-B5A0-4A34-8E6F-DDF91B52EB55}.Release|Any CPU.Build.0 = Release|Any CPU
	EndGlobalSection
	GlobalSection(SolutionProperties) = preSolution
		HideSolutionNode = FALSE
	EndGlobalSection
	GlobalSection(ExtensibilityGlobals) = postSolution
		SolutionGuid = {0DCE722B-1F28-4CC3-B019-3391ED08C28C}
	EndGlobalSection
EndGlobal
